
Microsoft Visual Studio Solution File, Format Version 12.00
# Visual Studio 14
VisualStudioVersion = 14.0.24720.0
MinimumVisualStudioVersion = 10.0.40219.1
Project("{FAE04EC0-301F-11D3-BF4B-00C04F79EFBC}") = "lab2", "lab2\lab2.csproj", "{AB4C2D61-7261-432E-85F3-268862B74B44}"
EndProject
Project("{FAE04EC0-301F-11D3-BF4B-00C04F79EFBC}") = "CreditCard", "CreditCard\CreditCard.csproj", "{8B37FEF5-5885-4AC1-AF7E-C2046496255D}"
EndProject
Project("{FAE04EC0-301F-11D3-BF4B-00C04F79EFBC}") = "BusinessCard", "BusinessCard\BusinessCard.csproj", "{B7FD8BD5-D510-4E9A-B025-E175D92C769B}"
EndProject
Project("{FAE04EC0-301F-11D3-BF4B-00C04F79EFBC}") = "Money", "Money\Money.csproj", "{C862799F-E0E3-45BC-825C-F2915596F7B1}"
EndProject
Global
	GlobalSection(SolutionConfigurationPlatforms) = preSolution
		Debug|Any CPU = Debug|Any CPU
		Release|Any CPU = Release|Any CPU
	EndGlobalSection
	GlobalSection(ProjectConfigurationPlatforms) = postSolution
		{AB4C2D61-7261-432E-85F3-268862B74B44}.Debug|Any CPU.ActiveCfg = Debug|Any CPU
		{AB4C2D61-7261-432E-85F3-268862B74B44}.Debug|Any CPU.Build.0 = Debug|Any CPU
		{AB4C2D61-7261-432E-85F3-268862B74B44}.Release|Any CPU.ActiveCfg = Release|Any CPU
		{AB4C2D61-7261-432E-85F3-268862B74B44}.Release|Any CPU.Build.0 = Release|Any CPU
		{8B37FEF5-5885-4AC1-AF7E-C2046496255D}.Debug|Any CPU.ActiveCfg = Debug|Any CPU
		{8B37FEF5-5885-4AC1-AF7E-C2046496255D}.Debug|Any CPU.Build.0 = Debug|Any CPU
		{8B37FEF5-5885-4AC1-AF7E-C2046496255D}.Release|Any CPU.ActiveCfg = Release|Any CPU
		{8B37FEF5-5885-4AC1-AF7E-C2046496255D}.Release|Any CPU.Build.0 = Release|Any CPU
		{B7FD8BD5-D510-4E9A-B025-E175D92C769B}.Debug|Any CPU.ActiveCfg = Debug|Any CPU
		{B7FD8BD5-D510-4E9A-B025-E175D92C769B}.Debug|Any CPU.Build.0 = Debug|Any CPU
		{B7FD8BD5-D510-4E9A-B025-E175D92C769B}.Release|Any CPU.ActiveCfg = Release|Any CPU
		{B7FD8BD5-D510-4E9A-B025-E175D92C769B}.Release|Any CPU.Build.0 = Release|Any CPU
		{C862799F-E0E3-45BC-825C-F2915596F7B1}.Debug|Any CPU.ActiveCfg = Debug|Any CPU
		{C862799F-E0E3-45BC-825C-F2915596F7B1}.Debug|Any CPU.Build.0 = Debug|Any CPU
		{C862799F-E0E3-45BC-825C-F2915596F7B1}.Release|Any CPU.ActiveCfg = Release|Any CPU
		{C862799F-E0E3-45BC-825C-F2915596F7B1}.Release|Any CPU.Build.0 = Release|Any CPU
	EndGlobalSection
	GlobalSection(SolutionProperties) = preSolution
		HideSolutionNode = FALSE
	EndGlobalSection
EndGlobal
